// !$*UTF8*$!
{
	archiveVersion = 1;
	classes = {
	};
	objectVersion = 50;
	objects = {

/* Begin PBXBuildFile section */
		8415412A2564638900C9D6F3 /* AppDelegate.swift in Sources */ = {isa = PBXBuildFile; fileRef = 841541292564638900C9D6F3 /* AppDelegate.swift */; };
		8415412C2564638900C9D6F3 /* SceneDelegate.swift in Sources */ = {isa = PBXBuildFile; fileRef = 8415412B2564638900C9D6F3 /* SceneDelegate.swift */; };
		841541312564638900C9D6F3 /* Main.storyboard in Resources */ = {isa = PBXBuildFile; fileRef = 8415412F2564638900C9D6F3 /* Main.storyboard */; };
		841541332564638A00C9D6F3 /* Assets.xcassets in Resources */ = {isa = PBXBuildFile; fileRef = 841541322564638A00C9D6F3 /* Assets.xcassets */; };
		841541362564638A00C9D6F3 /* LaunchScreen.storyboard in Resources */ = {isa = PBXBuildFile; fileRef = 841541342564638A00C9D6F3 /* LaunchScreen.storyboard */; };
		841541412564638A00C9D6F3 /* TaskListTests.swift in Sources */ = {isa = PBXBuildFile; fileRef = 841541402564638A00C9D6F3 /* TaskListTests.swift */; };
		8415414C2564638A00C9D6F3 /* TaskListUITests.swift in Sources */ = {isa = PBXBuildFile; fileRef = 8415414B2564638A00C9D6F3 /* TaskListUITests.swift */; };
		84154164256464F300C9D6F3 /* UIColor+Extensions.swift in Sources */ = {isa = PBXBuildFile; fileRef = 84154163256464F300C9D6F3 /* UIColor+Extensions.swift */; };
		841541692564650200C9D6F3 /* UIView+Extensions.swift in Sources */ = {isa = PBXBuildFile; fileRef = 841541682564650200C9D6F3 /* UIView+Extensions.swift */; };
		841541762564679800C9D6F3 /* TaskListView.swift in Sources */ = {isa = PBXBuildFile; fileRef = 841541752564679800C9D6F3 /* TaskListView.swift */; };
		844DCB0E25CE990B00666392 /* CALayer+Extensions.swift in Sources */ = {isa = PBXBuildFile; fileRef = 844DCB0D25CE990B00666392 /* CALayer+Extensions.swift */; };
		846D2F3325CEF7C800D9C63D /* CustomTabBar.swift in Sources */ = {isa = PBXBuildFile; fileRef = 846D2F3225CEF7C800D9C63D /* CustomTabBar.swift */; };
		846D2F5725D032FF00D9C63D /* SettingsController.swift in Sources */ = {isa = PBXBuildFile; fileRef = 846D2F5625D032FF00D9C63D /* SettingsController.swift */; };
		846D2F7625D034C800D9C63D /* ProfileView.swift in Sources */ = {isa = PBXBuildFile; fileRef = 846D2F6025D0344300D9C63D /* ProfileView.swift */; };
		8476207025D09CCF0060EF36 /* TaskListHeaderView.swift in Sources */ = {isa = PBXBuildFile; fileRef = 8476206F25D09CCF0060EF36 /* TaskListHeaderView.swift */; };
		847620CA25D0F6360060EF36 /* TaskCell.swift in Sources */ = {isa = PBXBuildFile; fileRef = 847620C925D0F6360060EF36 /* TaskCell.swift */; };
		847620E125D128770060EF36 /* TaskListController.swift in Sources */ = {isa = PBXBuildFile; fileRef = 8415416D256466BD00C9D6F3 /* TaskListController.swift */; };
		8476210A25D139640060EF36 /* ProfileHeaderView.swift in Sources */ = {isa = PBXBuildFile; fileRef = 847620F125D132C90060EF36 /* ProfileHeaderView.swift */; };
		8476211125D13B3E0060EF36 /* ProfileController.swift in Sources */ = {isa = PBXBuildFile; fileRef = 846D2F5B25D033AB00D9C63D /* ProfileController.swift */; };
		8476211525D13B430060EF36 /* ProfileCell.swift in Sources */ = {isa = PBXBuildFile; fileRef = 847620FC25D139150060EF36 /* ProfileCell.swift */; };
		8476212625D21A770060EF36 /* CustomCollectionViewFlowLayout.swift in Sources */ = {isa = PBXBuildFile; fileRef = 8476212525D21A770060EF36 /* CustomCollectionViewFlowLayout.swift */; };
		8492CD7925DF6E6100115EB6 /* Task.swift in Sources */ = {isa = PBXBuildFile; fileRef = 8492CD7825DF6E6100115EB6 /* Task.swift */; };
		8492CD8F25DF79A200115EB6 /* ArchiveImageView.swift in Sources */ = {isa = PBXBuildFile; fileRef = 8492CD8E25DF79A200115EB6 /* ArchiveImageView.swift */; };
		8492CD9425DF7E0000115EB6 /* Date+Extensions.swift in Sources */ = {isa = PBXBuildFile; fileRef = 8492CD9325DF7E0000115EB6 /* Date+Extensions.swift */; };
		8492CDAA25DFCAC100115EB6 /* TaskInputAccessoryView.swift in Sources */ = {isa = PBXBuildFile; fileRef = 8492CDA925DFCAC100115EB6 /* TaskInputAccessoryView.swift */; };
		8492CDAF25DFCBEC00115EB6 /* CreateTaskView.swift in Sources */ = {isa = PBXBuildFile; fileRef = 8492CDAE25DFCBEC00115EB6 /* CreateTaskView.swift */; };
		8492CDCB25DFD41B00115EB6 /* CreateTaskController.swift in Sources */ = {isa = PBXBuildFile; fileRef = 8492CD9825DF852200115EB6 /* CreateTaskController.swift */; };
		8492CDFD25E001CF00115EB6 /* TaskList.swift in Sources */ = {isa = PBXBuildFile; fileRef = 8492CDFC25E001CF00115EB6 /* TaskList.swift */; };
		8492CE3525E0D0A300115EB6 /* TaskListsFooterView.swift in Sources */ = {isa = PBXBuildFile; fileRef = 8492CE3425E0D0A300115EB6 /* TaskListsFooterView.swift */; };
		8492CE3A25E0D0C000115EB6 /* TaskListsView.swift in Sources */ = {isa = PBXBuildFile; fileRef = 8492CE3925E0D0C000115EB6 /* TaskListsView.swift */; };
		8492CE5225E0D35F00115EB6 /* TaskListsCell.swift in Sources */ = {isa = PBXBuildFile; fileRef = 8492CE4125E0D32000115EB6 /* TaskListsCell.swift */; };
		8492CE7225E12CB800115EB6 /* CreateTaskListView.swift in Sources */ = {isa = PBXBuildFile; fileRef = 8492CE7125E12CB800115EB6 /* CreateTaskListView.swift */; };
		8492CE7D25E1476C00115EB6 /* TaskListInputFormView.swift in Sources */ = {isa = PBXBuildFile; fileRef = 8492CE7C25E1476C00115EB6 /* TaskListInputFormView.swift */; };
		8492CE9B25E2150700115EB6 /* TaskListMenuView.swift in Sources */ = {isa = PBXBuildFile; fileRef = 8492CE8E25E213B400115EB6 /* TaskListMenuView.swift */; };
/* End PBXBuildFile section */

/* Begin PBXContainerItemProxy section */
		8415413D2564638A00C9D6F3 /* PBXContainerItemProxy */ = {
			isa = PBXContainerItemProxy;
			containerPortal = 8415411E2564638900C9D6F3 /* Project object */;
			proxyType = 1;
			remoteGlobalIDString = 841541252564638900C9D6F3;
			remoteInfo = TaskList;
		};
		841541482564638A00C9D6F3 /* PBXContainerItemProxy */ = {
			isa = PBXContainerItemProxy;
			containerPortal = 8415411E2564638900C9D6F3 /* Project object */;
			proxyType = 1;
			remoteGlobalIDString = 841541252564638900C9D6F3;
			remoteInfo = TaskList;
		};
/* End PBXContainerItemProxy section */

/* Begin PBXFileReference section */
		841541262564638900C9D6F3 /* TaskList.app */ = {isa = PBXFileReference; explicitFileType = wrapper.application; includeInIndex = 0; path = TaskList.app; sourceTree = BUILT_PRODUCTS_DIR; };
		841541292564638900C9D6F3 /* AppDelegate.swift */ = {isa = PBXFileReference; lastKnownFileType = sourcecode.swift; path = AppDelegate.swift; sourceTree = "<group>"; };
		8415412B2564638900C9D6F3 /* SceneDelegate.swift */ = {isa = PBXFileReference; lastKnownFileType = sourcecode.swift; path = SceneDelegate.swift; sourceTree = "<group>"; };
		841541302564638900C9D6F3 /* Base */ = {isa = PBXFileReference; lastKnownFileType = file.storyboard; name = Base; path = Base.lproj/Main.storyboard; sourceTree = "<group>"; };
		841541322564638A00C9D6F3 /* Assets.xcassets */ = {isa = PBXFileReference; lastKnownFileType = folder.assetcatalog; path = Assets.xcassets; sourceTree = "<group>"; };
		841541352564638A00C9D6F3 /* Base */ = {isa = PBXFileReference; lastKnownFileType = file.storyboard; name = Base; path = Base.lproj/LaunchScreen.storyboard; sourceTree = "<group>"; };
		841541372564638A00C9D6F3 /* Info.plist */ = {isa = PBXFileReference; lastKnownFileType = text.plist.xml; path = Info.plist; sourceTree = "<group>"; };
		8415413C2564638A00C9D6F3 /* TaskListTests.xctest */ = {isa = PBXFileReference; explicitFileType = wrapper.cfbundle; includeInIndex = 0; path = TaskListTests.xctest; sourceTree = BUILT_PRODUCTS_DIR; };
		841541402564638A00C9D6F3 /* TaskListTests.swift */ = {isa = PBXFileReference; lastKnownFileType = sourcecode.swift; path = TaskListTests.swift; sourceTree = "<group>"; };
		841541422564638A00C9D6F3 /* Info.plist */ = {isa = PBXFileReference; lastKnownFileType = text.plist.xml; path = Info.plist; sourceTree = "<group>"; };
		841541472564638A00C9D6F3 /* TaskListUITests.xctest */ = {isa = PBXFileReference; explicitFileType = wrapper.cfbundle; includeInIndex = 0; path = TaskListUITests.xctest; sourceTree = BUILT_PRODUCTS_DIR; };
		8415414B2564638A00C9D6F3 /* TaskListUITests.swift */ = {isa = PBXFileReference; lastKnownFileType = sourcecode.swift; path = TaskListUITests.swift; sourceTree = "<group>"; };
		8415414D2564638A00C9D6F3 /* Info.plist */ = {isa = PBXFileReference; lastKnownFileType = text.plist.xml; path = Info.plist; sourceTree = "<group>"; };
		84154163256464F300C9D6F3 /* UIColor+Extensions.swift */ = {isa = PBXFileReference; lastKnownFileType = sourcecode.swift; path = "UIColor+Extensions.swift"; sourceTree = "<group>"; };
		841541682564650200C9D6F3 /* UIView+Extensions.swift */ = {isa = PBXFileReference; lastKnownFileType = sourcecode.swift; path = "UIView+Extensions.swift"; sourceTree = "<group>"; };
		8415416D256466BD00C9D6F3 /* TaskListController.swift */ = {isa = PBXFileReference; lastKnownFileType = sourcecode.swift; path = TaskListController.swift; sourceTree = "<group>"; };
		841541752564679800C9D6F3 /* TaskListView.swift */ = {isa = PBXFileReference; lastKnownFileType = sourcecode.swift; path = TaskListView.swift; sourceTree = "<group>"; };
		844DCB0D25CE990B00666392 /* CALayer+Extensions.swift */ = {isa = PBXFileReference; lastKnownFileType = sourcecode.swift; path = "CALayer+Extensions.swift"; sourceTree = "<group>"; };
		846D2F3225CEF7C800D9C63D /* CustomTabBar.swift */ = {isa = PBXFileReference; lastKnownFileType = sourcecode.swift; path = CustomTabBar.swift; sourceTree = "<group>"; };
		846D2F5625D032FF00D9C63D /* SettingsController.swift */ = {isa = PBXFileReference; lastKnownFileType = sourcecode.swift; path = SettingsController.swift; sourceTree = "<group>"; };
		846D2F5B25D033AB00D9C63D /* ProfileController.swift */ = {isa = PBXFileReference; lastKnownFileType = sourcecode.swift; path = ProfileController.swift; sourceTree = "<group>"; };
		846D2F6025D0344300D9C63D /* ProfileView.swift */ = {isa = PBXFileReference; lastKnownFileType = sourcecode.swift; path = ProfileView.swift; sourceTree = "<group>"; };
		8476206F25D09CCF0060EF36 /* TaskListHeaderView.swift */ = {isa = PBXFileReference; lastKnownFileType = sourcecode.swift; path = TaskListHeaderView.swift; sourceTree = "<group>"; };
		847620C925D0F6360060EF36 /* TaskCell.swift */ = {isa = PBXFileReference; lastKnownFileType = sourcecode.swift; path = TaskCell.swift; sourceTree = "<group>"; };
		847620F125D132C90060EF36 /* ProfileHeaderView.swift */ = {isa = PBXFileReference; lastKnownFileType = sourcecode.swift; path = ProfileHeaderView.swift; sourceTree = "<group>"; };
		847620FC25D139150060EF36 /* ProfileCell.swift */ = {isa = PBXFileReference; lastKnownFileType = sourcecode.swift; path = ProfileCell.swift; sourceTree = "<group>"; };
		8476212525D21A770060EF36 /* CustomCollectionViewFlowLayout.swift */ = {isa = PBXFileReference; lastKnownFileType = sourcecode.swift; path = CustomCollectionViewFlowLayout.swift; sourceTree = "<group>"; };
		8492CD7825DF6E6100115EB6 /* Task.swift */ = {isa = PBXFileReference; lastKnownFileType = sourcecode.swift; path = Task.swift; sourceTree = "<group>"; };
		8492CD8E25DF79A200115EB6 /* ArchiveImageView.swift */ = {isa = PBXFileReference; lastKnownFileType = sourcecode.swift; path = ArchiveImageView.swift; sourceTree = "<group>"; };
		8492CD9325DF7E0000115EB6 /* Date+Extensions.swift */ = {isa = PBXFileReference; lastKnownFileType = sourcecode.swift; path = "Date+Extensions.swift"; sourceTree = "<group>"; };
		8492CD9825DF852200115EB6 /* CreateTaskController.swift */ = {isa = PBXFileReference; lastKnownFileType = sourcecode.swift; path = CreateTaskController.swift; sourceTree = "<group>"; };
		8492CDA925DFCAC100115EB6 /* TaskInputAccessoryView.swift */ = {isa = PBXFileReference; lastKnownFileType = sourcecode.swift; path = TaskInputAccessoryView.swift; sourceTree = "<group>"; };
		8492CDAE25DFCBEC00115EB6 /* CreateTaskView.swift */ = {isa = PBXFileReference; lastKnownFileType = sourcecode.swift; path = CreateTaskView.swift; sourceTree = "<group>"; };
		8492CDFC25E001CF00115EB6 /* TaskList.swift */ = {isa = PBXFileReference; lastKnownFileType = sourcecode.swift; path = TaskList.swift; sourceTree = "<group>"; };
		8492CE3425E0D0A300115EB6 /* TaskListsFooterView.swift */ = {isa = PBXFileReference; lastKnownFileType = sourcecode.swift; path = TaskListsFooterView.swift; sourceTree = "<group>"; };
		8492CE3925E0D0C000115EB6 /* TaskListsView.swift */ = {isa = PBXFileReference; lastKnownFileType = sourcecode.swift; path = TaskListsView.swift; sourceTree = "<group>"; };
		8492CE4125E0D32000115EB6 /* TaskListsCell.swift */ = {isa = PBXFileReference; lastKnownFileType = sourcecode.swift; path = TaskListsCell.swift; sourceTree = "<group>"; };
		8492CE7125E12CB800115EB6 /* CreateTaskListView.swift */ = {isa = PBXFileReference; lastKnownFileType = sourcecode.swift; path = CreateTaskListView.swift; sourceTree = "<group>"; };
		8492CE7C25E1476C00115EB6 /* TaskListInputFormView.swift */ = {isa = PBXFileReference; lastKnownFileType = sourcecode.swift; path = TaskListInputFormView.swift; sourceTree = "<group>"; };
		8492CE8E25E213B400115EB6 /* TaskListMenuView.swift */ = {isa = PBXFileReference; lastKnownFileType = sourcecode.swift; path = TaskListMenuView.swift; sourceTree = "<group>"; };
/* End PBXFileReference section */

/* Begin PBXFrameworksBuildPhase section */
		841541232564638900C9D6F3 /* Frameworks */ = {
			isa = PBXFrameworksBuildPhase;
			buildActionMask = 2147483647;
			files = (
			);
			runOnlyForDeploymentPostprocessing = 0;
		};
		841541392564638A00C9D6F3 /* Frameworks */ = {
			isa = PBXFrameworksBuildPhase;
			buildActionMask = 2147483647;
			files = (
			);
			runOnlyForDeploymentPostprocessing = 0;
		};
		841541442564638A00C9D6F3 /* Frameworks */ = {
			isa = PBXFrameworksBuildPhase;
			buildActionMask = 2147483647;
			files = (
			);
			runOnlyForDeploymentPostprocessing = 0;
		};
/* End PBXFrameworksBuildPhase section */

/* Begin PBXGroup section */
		8415411D2564638900C9D6F3 = {
			isa = PBXGroup;
			children = (
				841541282564638900C9D6F3 /* TaskList */,
				8415413F2564638A00C9D6F3 /* TaskListTests */,
				8415414A2564638A00C9D6F3 /* TaskListUITests */,
				841541272564638900C9D6F3 /* Products */,
			);
			sourceTree = "<group>";
		};
		841541272564638900C9D6F3 /* Products */ = {
			isa = PBXGroup;
			children = (
				841541262564638900C9D6F3 /* TaskList.app */,
				8415413C2564638A00C9D6F3 /* TaskListTests.xctest */,
				841541472564638A00C9D6F3 /* TaskListUITests.xctest */,
			);
			name = Products;
			sourceTree = "<group>";
		};
		841541282564638900C9D6F3 /* TaskList */ = {
			isa = PBXGroup;
			children = (
				8415415F256463A400C9D6F3 /* Utils */,
				8415415E2564639F00C9D6F3 /* Models */,
				8415415D2564639900C9D6F3 /* Views */,
				8415415C2564639300C9D6F3 /* Controllers */,
				841541292564638900C9D6F3 /* AppDelegate.swift */,
				8415412B2564638900C9D6F3 /* SceneDelegate.swift */,
				8415412F2564638900C9D6F3 /* Main.storyboard */,
				841541322564638A00C9D6F3 /* Assets.xcassets */,
				841541342564638A00C9D6F3 /* LaunchScreen.storyboard */,
				841541372564638A00C9D6F3 /* Info.plist */,
			);
			path = TaskList;
			sourceTree = "<group>";
		};
		8415413F2564638A00C9D6F3 /* TaskListTests */ = {
			isa = PBXGroup;
			children = (
				841541402564638A00C9D6F3 /* TaskListTests.swift */,
				841541422564638A00C9D6F3 /* Info.plist */,
			);
			path = TaskListTests;
			sourceTree = "<group>";
		};
		8415414A2564638A00C9D6F3 /* TaskListUITests */ = {
			isa = PBXGroup;
			children = (
				8415414B2564638A00C9D6F3 /* TaskListUITests.swift */,
				8415414D2564638A00C9D6F3 /* Info.plist */,
			);
			path = TaskListUITests;
			sourceTree = "<group>";
		};
		8415415C2564639300C9D6F3 /* Controllers */ = {
			isa = PBXGroup;
			children = (
				8415416D256466BD00C9D6F3 /* TaskListController.swift */,
				8492CD9825DF852200115EB6 /* CreateTaskController.swift */,
				846D2F5B25D033AB00D9C63D /* ProfileController.swift */,
				846D2F5625D032FF00D9C63D /* SettingsController.swift */,
			);
			path = Controllers;
			sourceTree = "<group>";
		};
		8415415D2564639900C9D6F3 /* Views */ = {
			isa = PBXGroup;
			children = (
				8492CE9425E2146C00115EB6 /* TaskLists */,
				8492CE9325E2145100115EB6 /* TaskListMenu */,
				846D2F3225CEF7C800D9C63D /* CustomTabBar.swift */,
				8476212525D21A770060EF36 /* CustomCollectionViewFlowLayout.swift */,
				8492CD8E25DF79A200115EB6 /* ArchiveImageView.swift */,
				8492CDA925DFCAC100115EB6 /* TaskInputAccessoryView.swift */,
				841541752564679800C9D6F3 /* TaskListView.swift */,
				8476206F25D09CCF0060EF36 /* TaskListHeaderView.swift */,
				846D2F6025D0344300D9C63D /* ProfileView.swift */,
				847620C925D0F6360060EF36 /* TaskCell.swift */,
				847620FC25D139150060EF36 /* ProfileCell.swift */,
				847620F125D132C90060EF36 /* ProfileHeaderView.swift */,
				8492CDAE25DFCBEC00115EB6 /* CreateTaskView.swift */,
				8492CE7125E12CB800115EB6 /* CreateTaskListView.swift */,
				8492CE7C25E1476C00115EB6 /* TaskListInputFormView.swift */,
			);
			path = Views;
			sourceTree = "<group>";
		};
		8415415E2564639F00C9D6F3 /* Models */ = {
			isa = PBXGroup;
			children = (
				8492CD7825DF6E6100115EB6 /* Task.swift */,
				8492CDFC25E001CF00115EB6 /* TaskList.swift */,
			);
			path = Models;
			sourceTree = "<group>";
		};
		8415415F256463A400C9D6F3 /* Utils */ = {
			isa = PBXGroup;
			children = (
				841541682564650200C9D6F3 /* UIView+Extensions.swift */,
				84154163256464F300C9D6F3 /* UIColor+Extensions.swift */,
				844DCB0D25CE990B00666392 /* CALayer+Extensions.swift */,
				8492CD9325DF7E0000115EB6 /* Date+Extensions.swift */,
			);
			path = Utils;
			sourceTree = "<group>";
		};
		8492CE9325E2145100115EB6 /* TaskListMenu */ = {
			isa = PBXGroup;
			children = (
				8492CE8E25E213B400115EB6 /* TaskListMenuView.swift */,
			);
			path = TaskListMenu;
			sourceTree = "<group>";
		};
		8492CE9425E2146C00115EB6 /* TaskLists */ = {
			isa = PBXGroup;
			children = (
				8492CE3925E0D0C000115EB6 /* TaskListsView.swift */,
				8492CE4125E0D32000115EB6 /* TaskListsCell.swift */,
				8492CE3425E0D0A300115EB6 /* TaskListsFooterView.swift */,
			);
			path = TaskLists;
			sourceTree = "<group>";
		};
/* End PBXGroup section */

/* Begin PBXNativeTarget section */
		841541252564638900C9D6F3 /* TaskList */ = {
			isa = PBXNativeTarget;
			buildConfigurationList = 841541502564638B00C9D6F3 /* Build configuration list for PBXNativeTarget "TaskList" */;
			buildPhases = (
				841541222564638900C9D6F3 /* Sources */,
				841541232564638900C9D6F3 /* Frameworks */,
				841541242564638900C9D6F3 /* Resources */,
			);
			buildRules = (
			);
			dependencies = (
			);
			name = TaskList;
			productName = TaskList;
			productReference = 841541262564638900C9D6F3 /* TaskList.app */;
			productType = "com.apple.product-type.application";
		};
		8415413B2564638A00C9D6F3 /* TaskListTests */ = {
			isa = PBXNativeTarget;
			buildConfigurationList = 841541532564638B00C9D6F3 /* Build configuration list for PBXNativeTarget "TaskListTests" */;
			buildPhases = (
				841541382564638A00C9D6F3 /* Sources */,
				841541392564638A00C9D6F3 /* Frameworks */,
				8415413A2564638A00C9D6F3 /* Resources */,
			);
			buildRules = (
			);
			dependencies = (
				8415413E2564638A00C9D6F3 /* PBXTargetDependency */,
			);
			name = TaskListTests;
			productName = TaskListTests;
			productReference = 8415413C2564638A00C9D6F3 /* TaskListTests.xctest */;
			productType = "com.apple.product-type.bundle.unit-test";
		};
		841541462564638A00C9D6F3 /* TaskListUITests */ = {
			isa = PBXNativeTarget;
			buildConfigurationList = 841541562564638B00C9D6F3 /* Build configuration list for PBXNativeTarget "TaskListUITests" */;
			buildPhases = (
				841541432564638A00C9D6F3 /* Sources */,
				841541442564638A00C9D6F3 /* Frameworks */,
				841541452564638A00C9D6F3 /* Resources */,
			);
			buildRules = (
			);
			dependencies = (
				841541492564638A00C9D6F3 /* PBXTargetDependency */,
			);
			name = TaskListUITests;
			productName = TaskListUITests;
			productReference = 841541472564638A00C9D6F3 /* TaskListUITests.xctest */;
			productType = "com.apple.product-type.bundle.ui-testing";
		};
/* End PBXNativeTarget section */

/* Begin PBXProject section */
		8415411E2564638900C9D6F3 /* Project object */ = {
			isa = PBXProject;
			attributes = {
				LastSwiftUpdateCheck = 1220;
				LastUpgradeCheck = 1220;
				TargetAttributes = {
					841541252564638900C9D6F3 = {
						CreatedOnToolsVersion = 12.2;
					};
					8415413B2564638A00C9D6F3 = {
						CreatedOnToolsVersion = 12.2;
						TestTargetID = 841541252564638900C9D6F3;
					};
					841541462564638A00C9D6F3 = {
						CreatedOnToolsVersion = 12.2;
						TestTargetID = 841541252564638900C9D6F3;
					};
				};
			};
			buildConfigurationList = 841541212564638900C9D6F3 /* Build configuration list for PBXProject "TaskList" */;
			compatibilityVersion = "Xcode 9.3";
			developmentRegion = en;
			hasScannedForEncodings = 0;
			knownRegions = (
				en,
				Base,
			);
			mainGroup = 8415411D2564638900C9D6F3;
			productRefGroup = 841541272564638900C9D6F3 /* Products */;
			projectDirPath = "";
			projectRoot = "";
			targets = (
				841541252564638900C9D6F3 /* TaskList */,
				8415413B2564638A00C9D6F3 /* TaskListTests */,
				841541462564638A00C9D6F3 /* TaskListUITests */,
			);
		};
/* End PBXProject section */

/* Begin PBXResourcesBuildPhase section */
		841541242564638900C9D6F3 /* Resources */ = {
			isa = PBXResourcesBuildPhase;
			buildActionMask = 2147483647;
			files = (
				841541362564638A00C9D6F3 /* LaunchScreen.storyboard in Resources */,
				841541332564638A00C9D6F3 /* Assets.xcassets in Resources */,
				841541312564638900C9D6F3 /* Main.storyboard in Resources */,
			);
			runOnlyForDeploymentPostprocessing = 0;
		};
		8415413A2564638A00C9D6F3 /* Resources */ = {
			isa = PBXResourcesBuildPhase;
			buildActionMask = 2147483647;
			files = (
			);
			runOnlyForDeploymentPostprocessing = 0;
		};
		841541452564638A00C9D6F3 /* Resources */ = {
			isa = PBXResourcesBuildPhase;
			buildActionMask = 2147483647;
			files = (
			);
			runOnlyForDeploymentPostprocessing = 0;
		};
/* End PBXResourcesBuildPhase section */

/* Begin PBXSourcesBuildPhase section */
		841541222564638900C9D6F3 /* Sources */ = {
			isa = PBXSourcesBuildPhase;
			buildActionMask = 2147483647;
			files = (
				8492CE9B25E2150700115EB6 /* TaskListMenuView.swift in Sources */,
				8492CE5225E0D35F00115EB6 /* TaskListsCell.swift in Sources */,
				8492CDCB25DFD41B00115EB6 /* CreateTaskController.swift in Sources */,
				8492CE3525E0D0A300115EB6 /* TaskListsFooterView.swift in Sources */,
				8476211525D13B430060EF36 /* ProfileCell.swift in Sources */,
				8492CE7D25E1476C00115EB6 /* TaskListInputFormView.swift in Sources */,
				8492CD8F25DF79A200115EB6 /* ArchiveImageView.swift in Sources */,
				8492CD9425DF7E0000115EB6 /* Date+Extensions.swift in Sources */,
				8476211125D13B3E0060EF36 /* ProfileController.swift in Sources */,
				8476210A25D139640060EF36 /* ProfileHeaderView.swift in Sources */,
				847620E125D128770060EF36 /* TaskListController.swift in Sources */,
				846D2F7625D034C800D9C63D /* ProfileView.swift in Sources */,
				841541762564679800C9D6F3 /* TaskListView.swift in Sources */,
				8492CDAF25DFCBEC00115EB6 /* CreateTaskView.swift in Sources */,
				8476207025D09CCF0060EF36 /* TaskListHeaderView.swift in Sources */,
				846D2F5725D032FF00D9C63D /* SettingsController.swift in Sources */,
				8476212625D21A770060EF36 /* CustomCollectionViewFlowLayout.swift in Sources */,
				846D2F3325CEF7C800D9C63D /* CustomTabBar.swift in Sources */,
				8492CDFD25E001CF00115EB6 /* TaskList.swift in Sources */,
				8415412A2564638900C9D6F3 /* AppDelegate.swift in Sources */,
				8492CE7225E12CB800115EB6 /* CreateTaskListView.swift in Sources */,
				841541692564650200C9D6F3 /* UIView+Extensions.swift in Sources */,
				847620CA25D0F6360060EF36 /* TaskCell.swift in Sources */,
				844DCB0E25CE990B00666392 /* CALayer+Extensions.swift in Sources */,
				8415412C2564638900C9D6F3 /* SceneDelegate.swift in Sources */,
				8492CD7925DF6E6100115EB6 /* Task.swift in Sources */,
				84154164256464F300C9D6F3 /* UIColor+Extensions.swift in Sources */,
				8492CDAA25DFCAC100115EB6 /* TaskInputAccessoryView.swift in Sources */,
				8492CE3A25E0D0C000115EB6 /* TaskListsView.swift in Sources */,
			);
			runOnlyForDeploymentPostprocessing = 0;
		};
		841541382564638A00C9D6F3 /* Sources */ = {
			isa = PBXSourcesBuildPhase;
			buildActionMask = 2147483647;
			files = (
				841541412564638A00C9D6F3 /* TaskListTests.swift in Sources */,
			);
			runOnlyForDeploymentPostprocessing = 0;
		};
		841541432564638A00C9D6F3 /* Sources */ = {
			isa = PBXSourcesBuildPhase;
			buildActionMask = 2147483647;
			files = (
				8415414C2564638A00C9D6F3 /* TaskListUITests.swift in Sources */,
			);
			runOnlyForDeploymentPostprocessing = 0;
		};
/* End PBXSourcesBuildPhase section */

/* Begin PBXTargetDependency section */
		8415413E2564638A00C9D6F3 /* PBXTargetDependency */ = {
			isa = PBXTargetDependency;
			target = 841541252564638900C9D6F3 /* TaskList */;
			targetProxy = 8415413D2564638A00C9D6F3 /* PBXContainerItemProxy */;
		};
		841541492564638A00C9D6F3 /* PBXTargetDependency */ = {
			isa = PBXTargetDependency;
			target = 841541252564638900C9D6F3 /* TaskList */;
			targetProxy = 841541482564638A00C9D6F3 /* PBXContainerItemProxy */;
		};
/* End PBXTargetDependency section */

/* Begin PBXVariantGroup section */
		8415412F2564638900C9D6F3 /* Main.storyboard */ = {
			isa = PBXVariantGroup;
			children = (
				841541302564638900C9D6F3 /* Base */,
			);
			name = Main.storyboard;
			sourceTree = "<group>";
		};
		841541342564638A00C9D6F3 /* LaunchScreen.storyboard */ = {
			isa = PBXVariantGroup;
			children = (
				841541352564638A00C9D6F3 /* Base */,
			);
			name = LaunchScreen.storyboard;
			sourceTree = "<group>";
		};
/* End PBXVariantGroup section */

/* Begin XCBuildConfiguration section */
		8415414E2564638B00C9D6F3 /* Debug */ = {
			isa = XCBuildConfiguration;
			buildSettings = {
				ALWAYS_SEARCH_USER_PATHS = NO;
				CLANG_ANALYZER_NONNULL = YES;
				CLANG_ANALYZER_NUMBER_OBJECT_CONVERSION = YES_AGGRESSIVE;
				CLANG_CXX_LANGUAGE_STANDARD = "gnu++14";
				CLANG_CXX_LIBRARY = "libc++";
				CLANG_ENABLE_MODULES = YES;
				CLANG_ENABLE_OBJC_ARC = YES;
				CLANG_ENABLE_OBJC_WEAK = YES;
				CLANG_WARN_BLOCK_CAPTURE_AUTORELEASING = YES;
				CLANG_WARN_BOOL_CONVERSION = YES;
				CLANG_WARN_COMMA = YES;
				CLANG_WARN_CONSTANT_CONVERSION = YES;
				CLANG_WARN_DEPRECATED_OBJC_IMPLEMENTATIONS = YES;
				CLANG_WARN_DIRECT_OBJC_ISA_USAGE = YES_ERROR;
				CLANG_WARN_DOCUMENTATION_COMMENTS = YES;
				CLANG_WARN_EMPTY_BODY = YES;
				CLANG_WARN_ENUM_CONVERSION = YES;
				CLANG_WARN_INFINITE_RECURSION = YES;
				CLANG_WARN_INT_CONVERSION = YES;
				CLANG_WARN_NON_LITERAL_NULL_CONVERSION = YES;
				CLANG_WARN_OBJC_IMPLICIT_RETAIN_SELF = YES;
				CLANG_WARN_OBJC_LITERAL_CONVERSION = YES;
				CLANG_WARN_OBJC_ROOT_CLASS = YES_ERROR;
				CLANG_WARN_QUOTED_INCLUDE_IN_FRAMEWORK_HEADER = YES;
				CLANG_WARN_RANGE_LOOP_ANALYSIS = YES;
				CLANG_WARN_STRICT_PROTOTYPES = YES;
				CLANG_WARN_SUSPICIOUS_MOVE = YES;
				CLANG_WARN_UNGUARDED_AVAILABILITY = YES_AGGRESSIVE;
				CLANG_WARN_UNREACHABLE_CODE = YES;
				CLANG_WARN__DUPLICATE_METHOD_MATCH = YES;
				COPY_PHASE_STRIP = NO;
				DEBUG_INFORMATION_FORMAT = dwarf;
				ENABLE_STRICT_OBJC_MSGSEND = YES;
				ENABLE_TESTABILITY = YES;
				GCC_C_LANGUAGE_STANDARD = gnu11;
				GCC_DYNAMIC_NO_PIC = NO;
				GCC_NO_COMMON_BLOCKS = YES;
				GCC_OPTIMIZATION_LEVEL = 0;
				GCC_PREPROCESSOR_DEFINITIONS = (
					"DEBUG=1",
					"$(inherited)",
				);
				GCC_WARN_64_TO_32_BIT_CONVERSION = YES;
				GCC_WARN_ABOUT_RETURN_TYPE = YES_ERROR;
				GCC_WARN_UNDECLARED_SELECTOR = YES;
				GCC_WARN_UNINITIALIZED_AUTOS = YES_AGGRESSIVE;
				GCC_WARN_UNUSED_FUNCTION = YES;
				GCC_WARN_UNUSED_VARIABLE = YES;
				IPHONEOS_DEPLOYMENT_TARGET = 14.4;
				MTL_ENABLE_DEBUG_INFO = INCLUDE_SOURCE;
				MTL_FAST_MATH = YES;
				ONLY_ACTIVE_ARCH = YES;
				SDKROOT = iphoneos;
				SWIFT_ACTIVE_COMPILATION_CONDITIONS = DEBUG;
				SWIFT_OPTIMIZATION_LEVEL = "-Onone";
			};
			name = Debug;
		};
		8415414F2564638B00C9D6F3 /* Release */ = {
			isa = XCBuildConfiguration;
			buildSettings = {
				ALWAYS_SEARCH_USER_PATHS = NO;
				CLANG_ANALYZER_NONNULL = YES;
				CLANG_ANALYZER_NUMBER_OBJECT_CONVERSION = YES_AGGRESSIVE;
				CLANG_CXX_LANGUAGE_STANDARD = "gnu++14";
				CLANG_CXX_LIBRARY = "libc++";
				CLANG_ENABLE_MODULES = YES;
				CLANG_ENABLE_OBJC_ARC = YES;
				CLANG_ENABLE_OBJC_WEAK = YES;
				CLANG_WARN_BLOCK_CAPTURE_AUTORELEASING = YES;
				CLANG_WARN_BOOL_CONVERSION = YES;
				CLANG_WARN_COMMA = YES;
				CLANG_WARN_CONSTANT_CONVERSION = YES;
				CLANG_WARN_DEPRECATED_OBJC_IMPLEMENTATIONS = YES;
				CLANG_WARN_DIRECT_OBJC_ISA_USAGE = YES_ERROR;
				CLANG_WARN_DOCUMENTATION_COMMENTS = YES;
				CLANG_WARN_EMPTY_BODY = YES;
				CLANG_WARN_ENUM_CONVERSION = YES;
				CLANG_WARN_INFINITE_RECURSION = YES;
				CLANG_WARN_INT_CONVERSION = YES;
				CLANG_WARN_NON_LITERAL_NULL_CONVERSION = YES;
				CLANG_WARN_OBJC_IMPLICIT_RETAIN_SELF = YES;
				CLANG_WARN_OBJC_LITERAL_CONVERSION = YES;
				CLANG_WARN_OBJC_ROOT_CLASS = YES_ERROR;
				CLANG_WARN_QUOTED_INCLUDE_IN_FRAMEWORK_HEADER = YES;
				CLANG_WARN_RANGE_LOOP_ANALYSIS = YES;
				CLANG_WARN_STRICT_PROTOTYPES = YES;
				CLANG_WARN_SUSPICIOUS_MOVE = YES;
				CLANG_WARN_UNGUARDED_AVAILABILITY = YES_AGGRESSIVE;
				CLANG_WARN_UNREACHABLE_CODE = YES;
				CLANG_WARN__DUPLICATE_METHOD_MATCH = YES;
				COPY_PHASE_STRIP = NO;
				DEBUG_INFORMATION_FORMAT = "dwarf-with-dsym";
				ENABLE_NS_ASSERTIONS = NO;
				ENABLE_STRICT_OBJC_MSGSEND = YES;
				GCC_C_LANGUAGE_STANDARD = gnu11;
				GCC_NO_COMMON_BLOCKS = YES;
				GCC_WARN_64_TO_32_BIT_CONVERSION = YES;
				GCC_WARN_ABOUT_RETURN_TYPE = YES_ERROR;
				GCC_WARN_UNDECLARED_SELECTOR = YES;
				GCC_WARN_UNINITIALIZED_AUTOS = YES_AGGRESSIVE;
				GCC_WARN_UNUSED_FUNCTION = YES;
				GCC_WARN_UNUSED_VARIABLE = YES;
				IPHONEOS_DEPLOYMENT_TARGET = 14.4;
				MTL_ENABLE_DEBUG_INFO = NO;
				MTL_FAST_MATH = YES;
				SDKROOT = iphoneos;
				SWIFT_COMPILATION_MODE = wholemodule;
				SWIFT_OPTIMIZATION_LEVEL = "-O";
				VALIDATE_PRODUCT = YES;
			};
			name = Release;
		};
		841541512564638B00C9D6F3 /* Debug */ = {
			isa = XCBuildConfiguration;
			buildSettings = {
				ASSETCATALOG_COMPILER_APPICON_NAME = AppIcon;
				ASSETCATALOG_COMPILER_GLOBAL_ACCENT_COLOR_NAME = AccentColor;
				CODE_SIGN_STYLE = Automatic;
				DEVELOPMENT_TEAM = L7FCKM78VQ;
				INFOPLIST_FILE = TaskList/Info.plist;
				LD_RUNPATH_SEARCH_PATHS = (
					"$(inherited)",
					"@executable_path/Frameworks",
				);
				PRODUCT_BUNDLE_IDENTIFIER = com.example.ios.TaskList;
				PRODUCT_NAME = "$(TARGET_NAME)";
				SWIFT_VERSION = 5.0;
				TARGETED_DEVICE_FAMILY = 1;
			};
			name = Debug;
		};
		841541522564638B00C9D6F3 /* Release */ = {
			isa = XCBuildConfiguration;
			buildSettings = {
				ASSETCATALOG_COMPILER_APPICON_NAME = AppIcon;
				ASSETCATALOG_COMPILER_GLOBAL_ACCENT_COLOR_NAME = AccentColor;
				CODE_SIGN_STYLE = Automatic;
				DEVELOPMENT_TEAM = L7FCKM78VQ;
				INFOPLIST_FILE = TaskList/Info.plist;
				LD_RUNPATH_SEARCH_PATHS = (
					"$(inherited)",
					"@executable_path/Frameworks",
				);
				PRODUCT_BUNDLE_IDENTIFIER = com.example.ios.TaskList;
				PRODUCT_NAME = "$(TARGET_NAME)";
				SWIFT_VERSION = 5.0;
				TARGETED_DEVICE_FAMILY = 1;
			};
			name = Release;
		};
		841541542564638B00C9D6F3 /* Debug */ = {
			isa = XCBuildConfiguration;
			buildSettings = {
				ALWAYS_EMBED_SWIFT_STANDARD_LIBRARIES = YES;
				BUNDLE_LOADER = "$(TEST_HOST)";
				CODE_SIGN_STYLE = Automatic;
				DEVELOPMENT_TEAM = L7FCKM78VQ;
				INFOPLIST_FILE = TaskListTests/Info.plist;
				IPHONEOS_DEPLOYMENT_TARGET = 14.2;
				LD_RUNPATH_SEARCH_PATHS = (
					"$(inherited)",
					"@executable_path/Frameworks",
					"@loader_path/Frameworks",
				);
				PRODUCT_BUNDLE_IDENTIFIER = com.example.ios.TaskListTests;
				PRODUCT_NAME = "$(TARGET_NAME)";
				SWIFT_VERSION = 5.0;
				TARGETED_DEVICE_FAMILY = "1,2";
				TEST_HOST = "$(BUILT_PRODUCTS_DIR)/TaskList.app/TaskList";
			};
			name = Debug;
		};
		841541552564638B00C9D6F3 /* Release */ = {
			isa = XCBuildConfiguration;
			buildSettings = {
				ALWAYS_EMBED_SWIFT_STANDARD_LIBRARIES = YES;
				BUNDLE_LOADER = "$(TEST_HOST)";
				CODE_SIGN_STYLE = Automatic;
				DEVELOPMENT_TEAM = L7FCKM78VQ;
				INFOPLIST_FILE = TaskListTests/Info.plist;
				IPHONEOS_DEPLOYMENT_TARGET = 14.2;
				LD_RUNPATH_SEARCH_PATHS = (
					"$(inherited)",
					"@executable_path/Frameworks",
					"@loader_path/Frameworks",
				);
				PRODUCT_BUNDLE_IDENTIFIER = com.example.ios.TaskListTests;
				PRODUCT_NAME = "$(TARGET_NAME)";
				SWIFT_VERSION = 5.0;
				TARGETED_DEVICE_FAMILY = "1,2";
				TEST_HOST = "$(BUILT_PRODUCTS_DIR)/TaskList.app/TaskList";
			};
			name = Release;
		};
		841541572564638B00C9D6F3 /* Debug */ = {
			isa = XCBuildConfiguration;
			buildSettings = {
				ALWAYS_EMBED_SWIFT_STANDARD_LIBRARIES = YES;
				CODE_SIGN_STYLE = Automatic;
				DEVELOPMENT_TEAM = L7FCKM78VQ;
				INFOPLIST_FILE = TaskListUITests/Info.plist;
				LD_RUNPATH_SEARCH_PATHS = (
					"$(inherited)",
					"@executable_path/Frameworks",
					"@loader_path/Frameworks",
				);
				PRODUCT_BUNDLE_IDENTIFIER = com.example.ios.TaskListUITests;
				PRODUCT_NAME = "$(TARGET_NAME)";
				SWIFT_VERSION = 5.0;
				TARGETED_DEVICE_FAMILY = "1,2";
				TEST_TARGET_NAME = TaskList;
			};
			name = Debug;
		};
		841541582564638B00C9D6F3 /* Release */ = {
			isa = XCBuildConfiguration;
			buildSettings = {
				ALWAYS_EMBED_SWIFT_STANDARD_LIBRARIES = YES;
				CODE_SIGN_STYLE = Automatic;
				DEVELOPMENT_TEAM = L7FCKM78VQ;
				INFOPLIST_FILE = TaskListUITests/Info.plist;
				LD_RUNPATH_SEARCH_PATHS = (
					"$(inherited)",
					"@executable_path/Frameworks",
					"@loader_path/Frameworks",
				);
				PRODUCT_BUNDLE_IDENTIFIER = com.example.ios.TaskListUITests;
				PRODUCT_NAME = "$(TARGET_NAME)";
				SWIFT_VERSION = 5.0;
				TARGETED_DEVICE_FAMILY = "1,2";
				TEST_TARGET_NAME = TaskList;
			};
			name = Release;
		};
/* End XCBuildConfiguration section */

/* Begin XCConfigurationList section */
		841541212564638900C9D6F3 /* Build configuration list for PBXProject "TaskList" */ = {
			isa = XCConfigurationList;
			buildConfigurations = (
				8415414E2564638B00C9D6F3 /* Debug */,
				8415414F2564638B00C9D6F3 /* Release */,
			);
			defaultConfigurationIsVisible = 0;
			defaultConfigurationName = Release;
		};
		841541502564638B00C9D6F3 /* Build configuration list for PBXNativeTarget "TaskList" */ = {
			isa = XCConfigurationList;
			buildConfigurations = (
				841541512564638B00C9D6F3 /* Debug */,
				841541522564638B00C9D6F3 /* Release */,
			);
			defaultConfigurationIsVisible = 0;
			defaultConfigurationName = Release;
		};
		841541532564638B00C9D6F3 /* Build configuration list for PBXNativeTarget "TaskListTests" */ = {
			isa = XCConfigurationList;
			buildConfigurations = (
				841541542564638B00C9D6F3 /* Debug */,
				841541552564638B00C9D6F3 /* Release */,
			);
			defaultConfigurationIsVisible = 0;
			defaultConfigurationName = Release;
		};
		841541562564638B00C9D6F3 /* Build configuration list for PBXNativeTarget "TaskListUITests" */ = {
			isa = XCConfigurationList;
			buildConfigurations = (
				841541572564638B00C9D6F3 /* Debug */,
				841541582564638B00C9D6F3 /* Release */,
			);
			defaultConfigurationIsVisible = 0;
			defaultConfigurationName = Release;
		};
/* End XCConfigurationList section */
	};
	rootObject = 8415411E2564638900C9D6F3 /* Project object */;
}
